Microsoft Visual Studio Solution File, Format Version 12.00
# Visual Studio 2012
Project("{FAE04EC0-301F-11D3-BF4B-00C04F79EFBC}") = "PCG Together", "PCG Together.csproj", "{F4C35077-29EC-4858-AD52-A73A365EEBB2}"
EndProject
Global
	GlobalSection(SolutionConfigurationPlatforms) = preSolution
	Debug|Any CPU = Debug|Any CPU
	ExportDebug|Any CPU = ExportDebug|Any CPU
	ExportRelease|Any CPU = ExportRelease|Any CPU
	EndGlobalSection
	GlobalSection(ProjectConfigurationPlatforms) = postSolution
		{F4C35077-29EC-4858-AD52-A73A365EEBB2}.Debug|Any CPU.ActiveCfg = Debug|Any CPU
		{F4C35077-29EC-4858-AD52-A73A365EEBB2}.Debug|Any CPU.Build.0 = Debug|Any CPU
		{F4C35077-29EC-4858-AD52-A73A365EEBB2}.ExportDebug|Any CPU.ActiveCfg = ExportDebug|Any CPU
		{F4C35077-29EC-4858-AD52-A73A365EEBB2}.ExportDebug|Any CPU.Build.0 = ExportDebug|Any CPU
		{F4C35077-29EC-4858-AD52-A73A365EEBB2}.ExportRelease|Any CPU.ActiveCfg = ExportRelease|Any CPU
		{F4C35077-29EC-4858-AD52-A73A365EEBB2}.ExportRelease|Any CPU.Build.0 = ExportRelease|Any CPU
	EndGlobalSection
EndGlobal
